{
  "name": "sf365",
  "version": "1.0.0",
  "lockfileVersion": 1,
  "requires": true,
  "dependencies": {
    "@types/knockout": {
      "version": "3.4.65",
      "resolved": "https://registry.npmjs.org/@types/knockout/-/knockout-3.4.65.tgz",
      "integrity": "sha512-aCVdUIIQSa4fCmiApr2u1eTnzriVy6KOHtAKB0NIgLe7/AyuwXpeLA1oTBwMf5l2G/7+WY+hffrZBQNKrVqoEQ=="
    },
    "@types/node": {
      "version": "11.13.6",
      "resolved": "https://registry.npmjs.org/@types/node/-/node-11.13.6.tgz",
      "integrity": "sha512-Xoo/EBzEe8HxTSwaZNLZjaW6M6tA/+GmD3/DZ6uo8qSaolE/9Oarko0oV1fVfrLqOz0tx0nXJB4rdD5c+vixLw==",
      "dev": true
    },
    "@types/qunit": {
      "version": "2.5.4",
      "resolved": "https://registry.npmjs.org/@types/qunit/-/qunit-2.5.4.tgz",
      "integrity": "sha512-VHi2lEd4/zp8OOouf43JXGJJ5ZxHvdLL1dU0Yakp6Iy73SjpuXl7yjwAwmh1qhTv8krDgHteSwaySr++uXX9YQ=="
    },
    "balanced-match": {
      "version": "1.0.0",
      "resolved": "https://registry.npmjs.org/balanced-match/-/balanced-match-1.0.0.tgz",
      "integrity": "sha1-ibTRmasr7kneFk6gK4nORi1xt2c="
    },
    "brace-expansion": {
      "version": "1.1.11",
      "resolved": "https://registry.npmjs.org/brace-expansion/-/brace-expansion-1.1.11.tgz",
      "integrity": "sha512-iCuPHDFgrHX7H2vEI/5xpz07zSHB00TpugqhmYtVmMO6518mCuRMoOYFldEBl0g187ufozdaHgWKcYFb61qGiA==",
      "requires": {
        "balanced-match": "1.0.0",
        "concat-map": "0.0.1"
      }
    },
    "commander": {
      "version": "2.12.2",
      "resolved": "https://registry.npmjs.org/commander/-/commander-2.12.2.tgz",
      "integrity": "sha512-BFnaq5ZOGcDN7FlrtBT4xxkgIToalIIxwjxLWVJ8bGTpe1LroqMiqQXdA7ygc7CRvaYS+9zfPGFnJqFSayx+AA=="
    },
    "concat-map": {
      "version": "0.0.1",
      "resolved": "https://registry.npmjs.org/concat-map/-/concat-map-0.0.1.tgz",
      "integrity": "sha1-2Klr13/Wjfd5OnMDajug1UBdR3s="
    },
    "js-reporters": {
      "version": "1.2.1",
      "resolved": "https://registry.npmjs.org/js-reporters/-/js-reporters-1.2.1.tgz",
      "integrity": "sha1-+IxgjjJKM3OpW8xFrTBeXJecRZs="
    },
    "knockout": {
      "version": "3.5.0",
      "resolved": "https://registry.npmjs.org/knockout/-/knockout-3.5.0.tgz",
      "integrity": "sha512-vBUF/IsBDzaejHkNpiquKdc5uPrImXuQ4Mb9lEfNNJ5cyHGI8ThDupR+h3eMFZhfmPE/brfwcIAn/fm0yOvJUg=="
    },
    "minimatch": {
      "version": "3.0.4",
      "resolved": "https://registry.npmjs.org/minimatch/-/minimatch-3.0.4.tgz",
      "integrity": "sha512-yJHVQEhyqPLUTgt9B83PXu6W3rx4MvvHvSUvToogpwoGDOUQ+yDrR0HRot+yOCdCO7u4hX3pWft6kWBBcqh0UA==",
      "requires": {
        "brace-expansion": "1.1.11"
      }
    },
    "node-watch": {
      "version": "0.6.0",
      "resolved": "https://registry.npmjs.org/node-watch/-/node-watch-0.6.0.tgz",
      "integrity": "sha512-XAgTL05z75ptd7JSVejH1a2Dm1zmXYhuDr9l230Qk6Z7/7GPcnAs/UyJJ4ggsXSvWil8iOzwQLW0zuGUvHpG8g=="
    },
    "path-parse": {
      "version": "1.0.6",
      "resolved": "https://registry.npmjs.org/path-parse/-/path-parse-1.0.6.tgz",
      "integrity": "sha512-GSmOT2EbHrINBf9SR7CDELwlJ8AENk3Qn7OikK4nFYAu3Ote2+JYNVvkpAEQm3/TLNEJFD/xZJjzyxg3KBWOzw=="
    },
    "qunit": {
      "version": "2.9.2",
      "resolved": "https://registry.npmjs.org/qunit/-/qunit-2.9.2.tgz",
      "integrity": "sha512-wTOYHnioWHcx5wa85Wl15IE7D6zTZe2CQlsodS14yj7s2FZ3MviRnQluspBZsueIDEO7doiuzKlv05yfky1R7w==",
      "requires": {
        "commander": "2.12.2",
        "js-reporters": "1.2.1",
        "minimatch": "3.0.4",
        "node-watch": "0.6.0",
        "resolve": "1.9.0"
      }
    },
    "requirejs": {
      "version": "2.3.6",
      "resolved": "https://registry.npmjs.org/requirejs/-/requirejs-2.3.6.tgz",
      "integrity": "sha512-ipEzlWQe6RK3jkzikgCupiTbTvm4S0/CAU5GlgptkN5SO6F3u0UD0K18wy6ErDqiCyP4J4YYe1HuAShvsxePLg=="
    },
    "resolve": {
      "version": "1.9.0",
      "resolved": "https://registry.npmjs.org/resolve/-/resolve-1.9.0.tgz",
      "integrity": "sha512-TZNye00tI67lwYvzxCxHGjwTNlUV70io54/Ed4j6PscB8xVfuBJpRenI/o6dVk0cY0PYTY27AgCoGGxRnYuItQ==",
      "requires": {
        "path-parse": "1.0.6"
      }
    }
  }
}
